
Microsoft Visual Studio Solution File, Format Version 12.00
# Visual Studio 2012
Project("{FAE04EC0-301F-11D3-BF4B-00C04F79EFBC}") = "Chapter8.Xamarin.iOSApp", "Chapter8.Xamarin.iOSApp\Chapter8.Xamarin.iOSApp.csproj", "{384079C8-A64F-466D-87DA-958E5A8F4846}"
EndProject
Project("{FAE04EC0-301F-11D3-BF4B-00C04F79EFBC}") = "Chapter8.Xamarin.iOSLib", "Chapter8.Xamarin.iOSLib\Chapter8.Xamarin.iOSLib.csproj", "{5EE31CB7-4EDD-4348-9B0E-757F705F5046}"
EndProject
Global
	GlobalSection(SolutionConfigurationPlatforms) = preSolution
		Debug|iPhoneSimulator = Debug|iPhoneSimulator
		Release|iPhone = Release|iPhone
		Release|iPhoneSimulator = Release|iPhoneSimulator
		Debug|iPhone = Debug|iPhone
	EndGlobalSection
	GlobalSection(ProjectConfigurationPlatforms) = postSolution
		{384079C8-A64F-466D-87DA-958E5A8F4846}.Debug|iPhoneSimulator.ActiveCfg = Debug|iPhoneSimulator
		{384079C8-A64F-466D-87DA-958E5A8F4846}.Debug|iPhoneSimulator.Build.0 = Debug|iPhoneSimulator
		{384079C8-A64F-466D-87DA-958E5A8F4846}.Release|iPhone.ActiveCfg = Release|iPhone
		{384079C8-A64F-466D-87DA-958E5A8F4846}.Release|iPhone.Build.0 = Release|iPhone
		{384079C8-A64F-466D-87DA-958E5A8F4846}.Release|iPhoneSimulator.ActiveCfg = Release|iPhoneSimulator
		{384079C8-A64F-466D-87DA-958E5A8F4846}.Release|iPhoneSimulator.Build.0 = Release|iPhoneSimulator
		{384079C8-A64F-466D-87DA-958E5A8F4846}.Debug|iPhone.ActiveCfg = Debug|iPhone
		{384079C8-A64F-466D-87DA-958E5A8F4846}.Debug|iPhone.Build.0 = Debug|iPhone
		{5EE31CB7-4EDD-4348-9B0E-757F705F5046}.Debug|iPhoneSimulator.ActiveCfg = Debug|Any CPU
		{5EE31CB7-4EDD-4348-9B0E-757F705F5046}.Debug|iPhoneSimulator.Build.0 = Debug|Any CPU
		{5EE31CB7-4EDD-4348-9B0E-757F705F5046}.Release|iPhone.ActiveCfg = Release|Any CPU
		{5EE31CB7-4EDD-4348-9B0E-757F705F5046}.Release|iPhone.Build.0 = Release|Any CPU
		{5EE31CB7-4EDD-4348-9B0E-757F705F5046}.Release|iPhoneSimulator.ActiveCfg = Release|Any CPU
		{5EE31CB7-4EDD-4348-9B0E-757F705F5046}.Release|iPhoneSimulator.Build.0 = Release|Any CPU
		{5EE31CB7-4EDD-4348-9B0E-757F705F5046}.Debug|iPhone.ActiveCfg = Debug|Any CPU
		{5EE31CB7-4EDD-4348-9B0E-757F705F5046}.Debug|iPhone.Build.0 = Debug|Any CPU
	EndGlobalSection
EndGlobal
