
Microsoft Visual Studio Solution File, Format Version 12.00
# Visual Studio 15
VisualStudioVersion = 15.0.26730.16
MinimumVisualStudioVersion = 10.0.40219.1
Project("{FAE04EC0-301F-11D3-BF4B-00C04F79EFBC}") = "HelloCSharp", "HelloCSharp\HelloCSharp.csproj", "{633BB5D4-A980-4B3E-8F5C-174E4206851E}"
EndProject
Global
	GlobalSection(SolutionConfigurationPlatforms) = preSolution
		Debug|Any CPU = Debug|Any CPU
		Release|Any CPU = Release|Any CPU
	EndGlobalSection
	GlobalSection(ProjectConfigurationPlatforms) = postSolution
		{633BB5D4-A980-4B3E-8F5C-174E4206851E}.Debug|Any CPU.ActiveCfg = Debug|Any CPU
		{633BB5D4-A980-4B3E-8F5C-174E4206851E}.Debug|Any CPU.Build.0 = Debug|Any CPU
		{633BB5D4-A980-4B3E-8F5C-174E4206851E}.Release|Any CPU.ActiveCfg = Release|Any CPU
		{633BB5D4-A980-4B3E-8F5C-174E4206851E}.Release|Any CPU.Build.0 = Release|Any CPU
	EndGlobalSection
	GlobalSection(SolutionProperties) = preSolution
		HideSolutionNode = FALSE
	EndGlobalSection
	GlobalSection(ExtensibilityGlobals) = postSolution
		SolutionGuid = {E3F53ACB-CBB1-41D0-92FF-F45EA07E5BA1}
	EndGlobalSection
EndGlobal
