
Microsoft Visual Studio Solution File, Format Version 12.00
# Visual Studio 15
VisualStudioVersion = 15.0.26730.16
MinimumVisualStudioVersion = 10.0.40219.1
Project("{FAE04EC0-301F-11D3-BF4B-00C04F79EFBC}") = "Chapter1.StandardLib.HelloUniverse", "Chapter1.StandardLib.HelloUniverse\Chapter1.StandardLib.HelloUniverse.csproj", "{60870314-3CA8-4312-AF5D-EF238E633DA5}"
EndProject
Project("{FAE04EC0-301F-11D3-BF4B-00C04F79EFBC}") = "Chapter1.StandardLib.HelloConsole", "Chapter1.StandardLib.HelloConsole\Chapter1.StandardLib.HelloConsole.csproj", "{7F7B2D50-921D-4E76-8702-5CA1A5093C84}"
EndProject
Project("{FAE04EC0-301F-11D3-BF4B-00C04F79EFBC}") = "Chapter1.StandardLib.AspNetCore", "Chapter1.StandardLib.AspNetCore\Chapter1.StandardLib.AspNetCore.csproj", "{F91557A4-00C4-49E5-8B56-1B6819188EBE}"
EndProject
Global
	GlobalSection(SolutionConfigurationPlatforms) = preSolution
		Debug|Any CPU = Debug|Any CPU
		Release|Any CPU = Release|Any CPU
	EndGlobalSection
	GlobalSection(ProjectConfigurationPlatforms) = postSolution
		{60870314-3CA8-4312-AF5D-EF238E633DA5}.Debug|Any CPU.ActiveCfg = Debug|Any CPU
		{60870314-3CA8-4312-AF5D-EF238E633DA5}.Debug|Any CPU.Build.0 = Debug|Any CPU
		{60870314-3CA8-4312-AF5D-EF238E633DA5}.Release|Any CPU.ActiveCfg = Release|Any CPU
		{60870314-3CA8-4312-AF5D-EF238E633DA5}.Release|Any CPU.Build.0 = Release|Any CPU
		{7F7B2D50-921D-4E76-8702-5CA1A5093C84}.Debug|Any CPU.ActiveCfg = Debug|Any CPU
		{7F7B2D50-921D-4E76-8702-5CA1A5093C84}.Debug|Any CPU.Build.0 = Debug|Any CPU
		{7F7B2D50-921D-4E76-8702-5CA1A5093C84}.Release|Any CPU.ActiveCfg = Release|Any CPU
		{7F7B2D50-921D-4E76-8702-5CA1A5093C84}.Release|Any CPU.Build.0 = Release|Any CPU
		{F91557A4-00C4-49E5-8B56-1B6819188EBE}.Debug|Any CPU.ActiveCfg = Debug|Any CPU
		{F91557A4-00C4-49E5-8B56-1B6819188EBE}.Debug|Any CPU.Build.0 = Debug|Any CPU
		{F91557A4-00C4-49E5-8B56-1B6819188EBE}.Release|Any CPU.ActiveCfg = Release|Any CPU
		{F91557A4-00C4-49E5-8B56-1B6819188EBE}.Release|Any CPU.Build.0 = Release|Any CPU
	EndGlobalSection
	GlobalSection(SolutionProperties) = preSolution
		HideSolutionNode = FALSE
	EndGlobalSection
	GlobalSection(ExtensibilityGlobals) = postSolution
		SolutionGuid = {4784AE39-CCEF-46CD-9B8D-224F2ED74C5A}
	EndGlobalSection
EndGlobal
