
Microsoft Visual Studio Solution File, Format Version 12.00
# Visual Studio 15
VisualStudioVersion = 15.0.27130.2027
MinimumVisualStudioVersion = 10.0.40219.1
Project("{FAE04EC0-301F-11D3-BF4B-00C04F79EFBC}") = "Chapter5.XmlLinq.XmlLinqLib", "Chapter5.XmlLinq.XmlLinqLib\Chapter5.XmlLinq.XmlLinqLib.csproj", "{BE255DED-6EE2-481A-A291-7838D3D6F225}"
EndProject
Project("{FAE04EC0-301F-11D3-BF4B-00C04F79EFBC}") = "Chapter5.XmlLinq.XmlCore", "Chapter5.XmlLinq.XmlCore\Chapter5.XmlLinq.XmlCore.csproj", "{B0EA0F13-9F35-49A9-B813-9A869E454F47}"
EndProject
Global
	GlobalSection(SolutionConfigurationPlatforms) = preSolution
		Debug|Any CPU = Debug|Any CPU
		Release|Any CPU = Release|Any CPU
	EndGlobalSection
	GlobalSection(ProjectConfigurationPlatforms) = postSolution
		{BE255DED-6EE2-481A-A291-7838D3D6F225}.Debug|Any CPU.ActiveCfg = Debug|Any CPU
		{BE255DED-6EE2-481A-A291-7838D3D6F225}.Debug|Any CPU.Build.0 = Debug|Any CPU
		{BE255DED-6EE2-481A-A291-7838D3D6F225}.Release|Any CPU.ActiveCfg = Release|Any CPU
		{BE255DED-6EE2-481A-A291-7838D3D6F225}.Release|Any CPU.Build.0 = Release|Any CPU
		{B0EA0F13-9F35-49A9-B813-9A869E454F47}.Debug|Any CPU.ActiveCfg = Debug|Any CPU
		{B0EA0F13-9F35-49A9-B813-9A869E454F47}.Debug|Any CPU.Build.0 = Debug|Any CPU
		{B0EA0F13-9F35-49A9-B813-9A869E454F47}.Release|Any CPU.ActiveCfg = Release|Any CPU
		{B0EA0F13-9F35-49A9-B813-9A869E454F47}.Release|Any CPU.Build.0 = Release|Any CPU
	EndGlobalSection
	GlobalSection(SolutionProperties) = preSolution
		HideSolutionNode = FALSE
	EndGlobalSection
	GlobalSection(ExtensibilityGlobals) = postSolution
		SolutionGuid = {CDC69CC4-5C47-4582-8902-E182AD9406BC}
	EndGlobalSection
EndGlobal
