
Microsoft Visual Studio Solution File, Format Version 12.00
# Visual Studio 15
VisualStudioVersion = 15.0.27130.0
MinimumVisualStudioVersion = 10.0.40219.1
Project("{FAE04EC0-301F-11D3-BF4B-00C04F79EFBC}") = "Chapter3.SecureFile.CryptLib", "Chapter3.SecureFile.CryptLib\Chapter3.SecureFile.CryptLib.csproj", "{B00AB346-2B7C-4F02-9360-9C0E6C54C5FB}"
EndProject
Project("{FAE04EC0-301F-11D3-BF4B-00C04F79EFBC}") = "Chapter3.SecureFile.SecureWinApp", "Chapter3.SecureFile.SecureWinApp\Chapter3.SecureFile.SecureWinApp.csproj", "{31FF649A-37FE-4EC0-AB12-4105E223131D}"
EndProject
Global
	GlobalSection(SolutionConfigurationPlatforms) = preSolution
		Debug|Any CPU = Debug|Any CPU
		Release|Any CPU = Release|Any CPU
	EndGlobalSection
	GlobalSection(ProjectConfigurationPlatforms) = postSolution
		{B00AB346-2B7C-4F02-9360-9C0E6C54C5FB}.Debug|Any CPU.ActiveCfg = Debug|Any CPU
		{B00AB346-2B7C-4F02-9360-9C0E6C54C5FB}.Debug|Any CPU.Build.0 = Debug|Any CPU
		{B00AB346-2B7C-4F02-9360-9C0E6C54C5FB}.Release|Any CPU.ActiveCfg = Release|Any CPU
		{B00AB346-2B7C-4F02-9360-9C0E6C54C5FB}.Release|Any CPU.Build.0 = Release|Any CPU
		{31FF649A-37FE-4EC0-AB12-4105E223131D}.Debug|Any CPU.ActiveCfg = Debug|Any CPU
		{31FF649A-37FE-4EC0-AB12-4105E223131D}.Debug|Any CPU.Build.0 = Debug|Any CPU
		{31FF649A-37FE-4EC0-AB12-4105E223131D}.Release|Any CPU.ActiveCfg = Release|Any CPU
		{31FF649A-37FE-4EC0-AB12-4105E223131D}.Release|Any CPU.Build.0 = Release|Any CPU
	EndGlobalSection
	GlobalSection(SolutionProperties) = preSolution
		HideSolutionNode = FALSE
	EndGlobalSection
	GlobalSection(ExtensibilityGlobals) = postSolution
		SolutionGuid = {CE32B690-B1EC-48FF-ADC7-5E2669BFB2A2}
	EndGlobalSection
EndGlobal
