
Microsoft Visual Studio Solution File, Format Version 12.00
# Visual Studio 15
VisualStudioVersion = 15.0.27130.2027
MinimumVisualStudioVersion = 10.0.40219.1
Project("{FAE04EC0-301F-11D3-BF4B-00C04F79EFBC}") = "Chapter6.Threads.ThreadLib", "Chapter6.Threads.ThreadLib\Chapter6.Threads.ThreadLib.csproj", "{50B96373-EBA8-4FCF-BBA7-C4FA9A32472E}"
EndProject
Project("{FAE04EC0-301F-11D3-BF4B-00C04F79EFBC}") = "Chapter6.Threads.ThreadsCore", "Chapter6.Threads.ThreadsCore\Chapter6.Threads.ThreadsCore.csproj", "{CF559A40-F568-4A3D-A0D5-7E90B4A79B49}"
EndProject
Global
	GlobalSection(SolutionConfigurationPlatforms) = preSolution
		Debug|Any CPU = Debug|Any CPU
		Release|Any CPU = Release|Any CPU
	EndGlobalSection
	GlobalSection(ProjectConfigurationPlatforms) = postSolution
		{50B96373-EBA8-4FCF-BBA7-C4FA9A32472E}.Debug|Any CPU.ActiveCfg = Debug|Any CPU
		{50B96373-EBA8-4FCF-BBA7-C4FA9A32472E}.Debug|Any CPU.Build.0 = Debug|Any CPU
		{50B96373-EBA8-4FCF-BBA7-C4FA9A32472E}.Release|Any CPU.ActiveCfg = Release|Any CPU
		{50B96373-EBA8-4FCF-BBA7-C4FA9A32472E}.Release|Any CPU.Build.0 = Release|Any CPU
		{CF559A40-F568-4A3D-A0D5-7E90B4A79B49}.Debug|Any CPU.ActiveCfg = Debug|Any CPU
		{CF559A40-F568-4A3D-A0D5-7E90B4A79B49}.Debug|Any CPU.Build.0 = Debug|Any CPU
		{CF559A40-F568-4A3D-A0D5-7E90B4A79B49}.Release|Any CPU.ActiveCfg = Release|Any CPU
		{CF559A40-F568-4A3D-A0D5-7E90B4A79B49}.Release|Any CPU.Build.0 = Release|Any CPU
	EndGlobalSection
	GlobalSection(SolutionProperties) = preSolution
		HideSolutionNode = FALSE
	EndGlobalSection
	GlobalSection(ExtensibilityGlobals) = postSolution
		SolutionGuid = {C408DA16-C9F8-41EC-A7A5-54DA5EB8CA61}
	EndGlobalSection
EndGlobal
