
Microsoft Visual Studio Solution File, Format Version 12.00
# Visual Studio 15
VisualStudioVersion = 15.0.26730.16
MinimumVisualStudioVersion = 10.0.40219.1
Project("{FAE04EC0-301F-11D3-BF4B-00C04F79EFBC}") = "Chapter1.Library.HelloLib", "Chapter1.Library.HelloLib\Chapter1.Library.HelloLib.csproj", "{F1B3C5C3-0352-4A43-A9B2-1A0FBA8B9D1C}"
EndProject
Project("{FAE04EC0-301F-11D3-BF4B-00C04F79EFBC}") = "Chapter1.Library.HelloWindowsForms", "Chapter1.Library.HelloWindowsForms\Chapter1.Library.HelloWindowsForms.csproj", "{3FEF8113-0758-41CF-8F35-3C058B2F1435}"
EndProject
Project("{FAE04EC0-301F-11D3-BF4B-00C04F79EFBC}") = "Chapter1.Library.HelloWPF", "Chapter1.Library.HelloWPF\Chapter1.Library.HelloWPF.csproj", "{FF44DD3B-69C1-4B60-858D-E58926172C08}"
EndProject
Project("{FAE04EC0-301F-11D3-BF4B-00C04F79EFBC}") = "ConsoleApp1", "ConsoleApp1\ConsoleApp1.csproj", "{EF74892E-2324-485D-833E-F7D3FE132AAF}"
EndProject
Global
	GlobalSection(SolutionConfigurationPlatforms) = preSolution
		Debug|Any CPU = Debug|Any CPU
		Release|Any CPU = Release|Any CPU
	EndGlobalSection
	GlobalSection(ProjectConfigurationPlatforms) = postSolution
		{F1B3C5C3-0352-4A43-A9B2-1A0FBA8B9D1C}.Debug|Any CPU.ActiveCfg = Debug|Any CPU
		{F1B3C5C3-0352-4A43-A9B2-1A0FBA8B9D1C}.Debug|Any CPU.Build.0 = Debug|Any CPU
		{F1B3C5C3-0352-4A43-A9B2-1A0FBA8B9D1C}.Release|Any CPU.ActiveCfg = Release|Any CPU
		{F1B3C5C3-0352-4A43-A9B2-1A0FBA8B9D1C}.Release|Any CPU.Build.0 = Release|Any CPU
		{3FEF8113-0758-41CF-8F35-3C058B2F1435}.Debug|Any CPU.ActiveCfg = Debug|Any CPU
		{3FEF8113-0758-41CF-8F35-3C058B2F1435}.Debug|Any CPU.Build.0 = Debug|Any CPU
		{3FEF8113-0758-41CF-8F35-3C058B2F1435}.Release|Any CPU.ActiveCfg = Release|Any CPU
		{3FEF8113-0758-41CF-8F35-3C058B2F1435}.Release|Any CPU.Build.0 = Release|Any CPU
		{FF44DD3B-69C1-4B60-858D-E58926172C08}.Debug|Any CPU.ActiveCfg = Debug|Any CPU
		{FF44DD3B-69C1-4B60-858D-E58926172C08}.Debug|Any CPU.Build.0 = Debug|Any CPU
		{FF44DD3B-69C1-4B60-858D-E58926172C08}.Release|Any CPU.ActiveCfg = Release|Any CPU
		{FF44DD3B-69C1-4B60-858D-E58926172C08}.Release|Any CPU.Build.0 = Release|Any CPU
		{EF74892E-2324-485D-833E-F7D3FE132AAF}.Debug|Any CPU.ActiveCfg = Debug|Any CPU
		{EF74892E-2324-485D-833E-F7D3FE132AAF}.Debug|Any CPU.Build.0 = Debug|Any CPU
		{EF74892E-2324-485D-833E-F7D3FE132AAF}.Release|Any CPU.ActiveCfg = Release|Any CPU
		{EF74892E-2324-485D-833E-F7D3FE132AAF}.Release|Any CPU.Build.0 = Release|Any CPU
	EndGlobalSection
	GlobalSection(SolutionProperties) = preSolution
		HideSolutionNode = FALSE
	EndGlobalSection
	GlobalSection(ExtensibilityGlobals) = postSolution
		SolutionGuid = {41E99820-8FBC-4EAA-9E75-704BF2EF2A0B}
	EndGlobalSection
EndGlobal
